
Microsoft Visual Studio Solution File, Format Version 12.00
# Visual Studio Version 17
VisualStudioVersion = 17.9.34714.143
MinimumVisualStudioVersion = 10.0.40219.1
Project("{9A19103F-16F7-4668-BE54-9A1E7A4F7556}") = "Projekt PO2 Reversi Mikołaj Perończyk", "Projekt PO2 Reversi Mikołaj Perończyk.csproj", "{994C3601-44C4-410D-A1BC-3524C4AB157E}"
EndProject
Global
	GlobalSection(SolutionConfigurationPlatforms) = preSolution
		Debug|Any CPU = Debug|Any CPU
		Release|Any CPU = Release|Any CPU
	EndGlobalSection
	GlobalSection(ProjectConfigurationPlatforms) = postSolution
		{994C3601-44C4-410D-A1BC-3524C4AB157E}.Debug|Any CPU.ActiveCfg = Debug|Any CPU
		{994C3601-44C4-410D-A1BC-3524C4AB157E}.Debug|Any CPU.Build.0 = Debug|Any CPU
		{994C3601-44C4-410D-A1BC-3524C4AB157E}.Release|Any CPU.ActiveCfg = Release|Any CPU
		{994C3601-44C4-410D-A1BC-3524C4AB157E}.Release|Any CPU.Build.0 = Release|Any CPU
	EndGlobalSection
	GlobalSection(SolutionProperties) = preSolution
		HideSolutionNode = FALSE
	EndGlobalSection
	GlobalSection(ExtensibilityGlobals) = postSolution
		SolutionGuid = {7C6CDB6C-E12C-4F0A-95C4-EE41F3EE04AF}
	EndGlobalSection
EndGlobal
